
Microsoft Visual Studio Solution File, Format Version 12.00
# Visual Studio Version 16
VisualStudioVersion = 16.0.31129.286
MinimumVisualStudioVersion = 10.0.40219.1
Project("{9A19103F-16F7-4668-BE54-9A1E7A4F7556}") = "Demo", "Demo.csproj", "{19ACBCE4-AA55-4B9A-8B2F-28C5B46409AF}"
EndProject
Project("{FAE04EC0-301F-11D3-BF4B-00C04F79EFBC}") = "Demo.Common", "..\Demo.Common\Demo.Common.csproj", "{4E32530E-F917-4F22-A9F2-B27D92570D5C}"
EndProject
Project("{FAE04EC0-301F-11D3-BF4B-00C04F79EFBC}") = "Demo.Repository", "..\Demo.Repository\Demo.Repository.csproj", "{72D3B8F4-4069-4748-91D8-A7E9AFDB2289}"
EndProject
Project("{FAE04EC0-301F-11D3-BF4B-00C04F79EFBC}") = "Demo.Service", "..\Demo.Service\Demo.Service.csproj", "{8A970A49-8E68-447E-8C2B-CE1EFBD5052D}"
EndProject
Global
	GlobalSection(SolutionConfigurationPlatforms) = preSolution
		Debug|Any CPU = Debug|Any CPU
		Release|Any CPU = Release|Any CPU
	EndGlobalSection
	GlobalSection(ProjectConfigurationPlatforms) = postSolution
		{19ACBCE4-AA55-4B9A-8B2F-28C5B46409AF}.Debug|Any CPU.ActiveCfg = Debug|Any CPU
		{19ACBCE4-AA55-4B9A-8B2F-28C5B46409AF}.Debug|Any CPU.Build.0 = Debug|Any CPU
		{19ACBCE4-AA55-4B9A-8B2F-28C5B46409AF}.Release|Any CPU.ActiveCfg = Release|Any CPU
		{19ACBCE4-AA55-4B9A-8B2F-28C5B46409AF}.Release|Any CPU.Build.0 = Release|Any CPU
		{4E32530E-F917-4F22-A9F2-B27D92570D5C}.Debug|Any CPU.ActiveCfg = Debug|Any CPU
		{4E32530E-F917-4F22-A9F2-B27D92570D5C}.Debug|Any CPU.Build.0 = Debug|Any CPU
		{4E32530E-F917-4F22-A9F2-B27D92570D5C}.Release|Any CPU.ActiveCfg = Release|Any CPU
		{4E32530E-F917-4F22-A9F2-B27D92570D5C}.Release|Any CPU.Build.0 = Release|Any CPU
		{72D3B8F4-4069-4748-91D8-A7E9AFDB2289}.Debug|Any CPU.ActiveCfg = Debug|Any CPU
		{72D3B8F4-4069-4748-91D8-A7E9AFDB2289}.Debug|Any CPU.Build.0 = Debug|Any CPU
		{72D3B8F4-4069-4748-91D8-A7E9AFDB2289}.Release|Any CPU.ActiveCfg = Release|Any CPU
		{72D3B8F4-4069-4748-91D8-A7E9AFDB2289}.Release|Any CPU.Build.0 = Release|Any CPU
		{8A970A49-8E68-447E-8C2B-CE1EFBD5052D}.Debug|Any CPU.ActiveCfg = Debug|Any CPU
		{8A970A49-8E68-447E-8C2B-CE1EFBD5052D}.Debug|Any CPU.Build.0 = Debug|Any CPU
		{8A970A49-8E68-447E-8C2B-CE1EFBD5052D}.Release|Any CPU.ActiveCfg = Release|Any CPU
		{8A970A49-8E68-447E-8C2B-CE1EFBD5052D}.Release|Any CPU.Build.0 = Release|Any CPU
	EndGlobalSection
	GlobalSection(SolutionProperties) = preSolution
		HideSolutionNode = FALSE
	EndGlobalSection
	GlobalSection(ExtensibilityGlobals) = postSolution
		SolutionGuid = {B0866C89-7412-402A-B73B-4550757A3B91}
	EndGlobalSection
EndGlobal
